
Microsoft Visual Studio Solution File, Format Version 12.00
# Visual Studio Version 17
VisualStudioVersion = 17.7.34221.43
MinimumVisualStudioVersion = 10.0.40219.1
Project("{FAE04EC0-301F-11D3-BF4B-00C04F79EFBC}") = "Core_CQRS_Mediatr", "Core_CQRS_Mediatr.csproj", "{095E1013-834D-477C-BA41-69D9B9E9356A}"
EndProject
Global
	GlobalSection(SolutionConfigurationPlatforms) = preSolution
		Debug|Any CPU = Debug|Any CPU
		Release|Any CPU = Release|Any CPU
	EndGlobalSection
	GlobalSection(ProjectConfigurationPlatforms) = postSolution
		{095E1013-834D-477C-BA41-69D9B9E9356A}.Debug|Any CPU.ActiveCfg = Debug|Any CPU
		{095E1013-834D-477C-BA41-69D9B9E9356A}.Debug|Any CPU.Build.0 = Debug|Any CPU
		{095E1013-834D-477C-BA41-69D9B9E9356A}.Release|Any CPU.ActiveCfg = Release|Any CPU
		{095E1013-834D-477C-BA41-69D9B9E9356A}.Release|Any CPU.Build.0 = Release|Any CPU
	EndGlobalSection
	GlobalSection(SolutionProperties) = preSolution
		HideSolutionNode = FALSE
	EndGlobalSection
	GlobalSection(ExtensibilityGlobals) = postSolution
		SolutionGuid = {38D63BDF-7744-455B-B01A-8EFD91B02681}
	EndGlobalSection
EndGlobal
